// !$*UTF8*$!
{
	archiveVersion = 1;
	classes = {
	};
	objectVersion = 46;
	objects = {

/* Begin PBXBuildFile section */
		B73D6CC822AACB2C00436844 /* AppDelegate.swift in Sources */ = {isa = PBXBuildFile; fileRef = B73D6CC722AACB2C00436844 /* AppDelegate.swift */; };
		B73D6CCA22AACB2C00436844 /* SceneDelegate.swift in Sources */ = {isa = PBXBuildFile; fileRef = B73D6CC922AACB2C00436844 /* SceneDelegate.swift */; };
		B73D6CCC22AACB2C00436844 /* ViewController.swift in Sources */ = {isa = PBXBuildFile; fileRef = B73D6CCB22AACB2C00436844 /* ViewController.swift */; };
		B73D6CCF22AACB2C00436844 /* Main.storyboard in Resources */ = {isa = PBXBuildFile; fileRef = B73D6CCD22AACB2C00436844 /* Main.storyboard */; };
		B73D6CD122AACB2D00436844 /* Assets.xcassets in Resources */ = {isa = PBXBuildFile; fileRef = B73D6CD022AACB2D00436844 /* Assets.xcassets */; };
		B73D6CD422AACB2D00436844 /* LaunchScreen.storyboard in Resources */ = {isa = PBXBuildFile; fileRef = B73D6CD222AACB2D00436844 /* LaunchScreen.storyboard */; };
/* End PBXBuildFile section */

/* Begin PBXFileReference section */
		81544F6872C217720833AF16 /* Pods_SimplePlayer.framework */ = {isa = PBXFileReference; explicitFileType = wrapper.framework; includeInIndex = 0; path = Pods_SimplePlayer.framework; sourceTree = BUILT_PRODUCTS_DIR; };
		ACE07467F0315615DAF94E00 /* Pods-SimplePlayer.debug.xcconfig */ = {isa = PBXFileReference; includeInIndex = 1; lastKnownFileType = text.xcconfig; name = "Pods-SimplePlayer.debug.xcconfig"; path = "Target Support Files/Pods-SimplePlayer/Pods-SimplePlayer.debug.xcconfig"; sourceTree = "<group>"; };
		B70170D522AA4E950039C83F /* SwiftUIView.swift */ = {isa = PBXFileReference; lastKnownFileType = sourcecode.swift; path = SwiftUIView.swift; sourceTree = "<group>"; };
		B73D6CC522AACB2C00436844 /* SimplePlayer.app */ = {isa = PBXFileReference; explicitFileType = wrapper.application; includeInIndex = 0; path = SimplePlayer.app; sourceTree = BUILT_PRODUCTS_DIR; };
		B73D6CC722AACB2C00436844 /* AppDelegate.swift */ = {isa = PBXFileReference; lastKnownFileType = sourcecode.swift; path = AppDelegate.swift; sourceTree = "<group>"; };
		B73D6CC922AACB2C00436844 /* SceneDelegate.swift */ = {isa = PBXFileReference; lastKnownFileType = sourcecode.swift; path = SceneDelegate.swift; sourceTree = "<group>"; };
		B73D6CCB22AACB2C00436844 /* ViewController.swift */ = {isa = PBXFileReference; lastKnownFileType = sourcecode.swift; path = ViewController.swift; sourceTree = "<group>"; };
		B73D6CCE22AACB2C00436844 /* Base */ = {isa = PBXFileReference; lastKnownFileType = file.storyboard; name = Base; path = Base.lproj/Main.storyboard; sourceTree = "<group>"; };
		B73D6CD022AACB2D00436844 /* Assets.xcassets */ = {isa = PBXFileReference; lastKnownFileType = folder.assetcatalog; path = Assets.xcassets; sourceTree = "<group>"; };
		B73D6CD322AACB2D00436844 /* Base */ = {isa = PBXFileReference; lastKnownFileType = file.storyboard; name = Base; path = Base.lproj/LaunchScreen.storyboard; sourceTree = "<group>"; };
		B73D6CD522AACB2D00436844 /* Info.plist */ = {isa = PBXFileReference; lastKnownFileType = text.plist.xml; path = Info.plist; sourceTree = "<group>"; };
		EE6BCCE9B5263CB1FB051D7D /* Pods-SimplePlayer.release.xcconfig */ = {isa = PBXFileReference; includeInIndex = 1; lastKnownFileType = text.xcconfig; name = "Pods-SimplePlayer.release.xcconfig"; path = "Target Support Files/Pods-SimplePlayer/Pods-SimplePlayer.release.xcconfig"; sourceTree = "<group>"; };
		EF4EC20C19475C4600C5E85C /* Info.plist */ = {isa = PBXFileReference; lastKnownFileType = text.plist.xml; path = Info.plist; sourceTree = "<group>"; };
		EF4EC20D19475C4600C5E85C /* AppDelegate.swift */ = {isa = PBXFileReference; lastKnownFileType = sourcecode.swift; path = AppDelegate.swift; sourceTree = "<group>"; };
		EF4EC21219475C4600C5E85C /* Base */ = {isa = PBXFileReference; lastKnownFileType = file.storyboard; name = Base; path = Base.lproj/Main.storyboard; sourceTree = "<group>"; };
		EF4EC21419475C4600C5E85C /* Images.xcassets */ = {isa = PBXFileReference; lastKnownFileType = folder.assetcatalog; path = Images.xcassets; sourceTree = "<group>"; };
		EF4EC22D1947603B00C5E85C /* MainVC.swift */ = {isa = PBXFileReference; fileEncoding = 4; lastKnownFileType = sourcecode.swift; path = MainVC.swift; sourceTree = "<group>"; };
		EF4EC2311947605400C5E85C /* SettingVC.swift */ = {isa = PBXFileReference; fileEncoding = 4; lastKnownFileType = sourcecode.swift; path = SettingVC.swift; sourceTree = "<group>"; };
		F7026E47194ECA890093C62E /* MusicPlayer.swift */ = {isa = PBXFileReference; fileEncoding = 4; lastKnownFileType = sourcecode.swift; path = MusicPlayer.swift; sourceTree = "<group>"; };
		F7026E4D194EDAD10093C62E /* MusicLibrary.swift */ = {isa = PBXFileReference; fileEncoding = 4; lastKnownFileType = sourcecode.swift; path = MusicLibrary.swift; sourceTree = "<group>"; };
		F70AA2B519E3B44200343A88 /* LibraryButton@2x.png */ = {isa = PBXFileReference; lastKnownFileType = image.png; path = "LibraryButton@2x.png"; sourceTree = "<group>"; };
		F7219837195DA34000E89983 /* defaultArtwork.png */ = {isa = PBXFileReference; lastKnownFileType = image.png; path = defaultArtwork.png; sourceTree = "<group>"; };
		F721983B195DAE1700E89983 /* defaultArtwork@2x.png */ = {isa = PBXFileReference; lastKnownFileType = image.png; path = "defaultArtwork@2x.png"; sourceTree = "<group>"; };
		F7648CA11965389F00636084 /* AlbumVC.swift */ = {isa = PBXFileReference; fileEncoding = 4; lastKnownFileType = sourcecode.swift; path = AlbumVC.swift; sourceTree = "<group>"; };
		F7648CA7196566EE00636084 /* SongsVC.swift */ = {isa = PBXFileReference; fileEncoding = 4; lastKnownFileType = sourcecode.swift; path = SongsVC.swift; sourceTree = "<group>"; };
		F78F6268194F27DC001AF5BC /* PlaylistVC.swift */ = {isa = PBXFileReference; fileEncoding = 4; lastKnownFileType = sourcecode.swift; path = PlaylistVC.swift; sourceTree = "<group>"; };
		F78F626A194F280E001AF5BC /* ArtistVC.swift */ = {isa = PBXFileReference; fileEncoding = 4; lastKnownFileType = sourcecode.swift; path = ArtistVC.swift; sourceTree = "<group>"; };
/* End PBXFileReference section */

/* Begin PBXFrameworksBuildPhase section */
		B73D6CC222AACB2C00436844 /* Frameworks */ = {
			isa = PBXFrameworksBuildPhase;
			buildActionMask = 2147483647;
			files = (
			);
			runOnlyForDeploymentPostprocessing = 0;
		};
/* End PBXFrameworksBuildPhase section */

/* Begin PBXGroup section */
		278D2D04709E85A35D5DA827 /* Pods */ = {
			isa = PBXGroup;
			children = (
				ACE07467F0315615DAF94E00 /* Pods-SimplePlayer.debug.xcconfig */,
				EE6BCCE9B5263CB1FB051D7D /* Pods-SimplePlayer.release.xcconfig */,
			);
			path = Pods;
			sourceTree = "<group>";
		};
		B73D6CC622AACB2C00436844 /* SimplePlayer */ = {
			isa = PBXGroup;
			children = (
				B73D6CC722AACB2C00436844 /* AppDelegate.swift */,
				B73D6CC922AACB2C00436844 /* SceneDelegate.swift */,
				B73D6CCB22AACB2C00436844 /* ViewController.swift */,
				B73D6CCD22AACB2C00436844 /* Main.storyboard */,
				B73D6CD022AACB2D00436844 /* Assets.xcassets */,
				B73D6CD222AACB2D00436844 /* LaunchScreen.storyboard */,
				B73D6CD522AACB2D00436844 /* Info.plist */,
			);
			path = SimplePlayer;
			sourceTree = "<group>";
		};
		CD7B8BCC42B9DB29B61EF693 /* Frameworks */ = {
			isa = PBXGroup;
			children = (
				81544F6872C217720833AF16 /* Pods_SimplePlayer.framework */,
			);
			name = Frameworks;
			sourceTree = "<group>";
		};
		EF4EC1FF19475C4600C5E85C = {
			isa = PBXGroup;
			children = (
				EF4EC20A19475C4600C5E85C /* SimplePlayer */,
				B73D6CC622AACB2C00436844 /* SimplePlayer */,
				EF4EC20919475C4600C5E85C /* Products */,
				278D2D04709E85A35D5DA827 /* Pods */,
				CD7B8BCC42B9DB29B61EF693 /* Frameworks */,
			);
			sourceTree = "<group>";
		};
		EF4EC20919475C4600C5E85C /* Products */ = {
			isa = PBXGroup;
			children = (
				B73D6CC522AACB2C00436844 /* SimplePlayer.app */,
			);
			name = Products;
			sourceTree = "<group>";
		};
		EF4EC20A19475C4600C5E85C /* SimplePlayer */ = {
			isa = PBXGroup;
			children = (
				F7219836195DA34000E89983 /* Images */,
				EF4EC22C1947602F00C5E85C /* UI */,
				EF4EC20D19475C4600C5E85C /* AppDelegate.swift */,
				EF4EC21119475C4600C5E85C /* Main.storyboard */,
				EF4EC21419475C4600C5E85C /* Images.xcassets */,
				EF4EC20B19475C4600C5E85C /* Supporting Files */,
			);
			path = SimplePlayer;
			sourceTree = "<group>";
		};
		EF4EC20B19475C4600C5E85C /* Supporting Files */ = {
			isa = PBXGroup;
			children = (
				EF4EC20C19475C4600C5E85C /* Info.plist */,
			);
			name = "Supporting Files";
			sourceTree = "<group>";
		};
		EF4EC22C1947602F00C5E85C /* UI */ = {
			isa = PBXGroup;
			children = (
				F78F6267194F27DC001AF5BC /* MediaLibrary */,
				F7026E46194ECA630093C62E /* Player */,
				EF4EC22D1947603B00C5E85C /* MainVC.swift */,
				EF4EC2311947605400C5E85C /* SettingVC.swift */,
			);
			path = UI;
			sourceTree = "<group>";
		};
		F7026E46194ECA630093C62E /* Player */ = {
			isa = PBXGroup;
			children = (
				F7026E47194ECA890093C62E /* MusicPlayer.swift */,
				F7026E4D194EDAD10093C62E /* MusicLibrary.swift */,
			);
			name = Player;
			path = SimplePlayer/Player;
			sourceTree = SOURCE_ROOT;
		};
		F7219836195DA34000E89983 /* Images */ = {
			isa = PBXGroup;
			children = (
				F70AA2B519E3B44200343A88 /* LibraryButton@2x.png */,
				F721983B195DAE1700E89983 /* defaultArtwork@2x.png */,
				F7219837195DA34000E89983 /* defaultArtwork.png */,
			);
			path = Images;
			sourceTree = "<group>";
		};
		F78F6267194F27DC001AF5BC /* MediaLibrary */ = {
			isa = PBXGroup;
			children = (
				F78F6268194F27DC001AF5BC /* PlaylistVC.swift */,
				F78F626A194F280E001AF5BC /* ArtistVC.swift */,
				F7648CA11965389F00636084 /* AlbumVC.swift */,
				F7648CA7196566EE00636084 /* SongsVC.swift */,
				B70170D522AA4E950039C83F /* SwiftUIView.swift */,
			);
			path = MediaLibrary;
			sourceTree = "<group>";
		};
/* End PBXGroup section */

/* Begin PBXNativeTarget section */
		B73D6CC422AACB2C00436844 /* SimplePlayer */ = {
			isa = PBXNativeTarget;
			buildConfigurationList = B73D6CD622AACB2D00436844 /* Build configuration list for PBXNativeTarget "SimplePlayer" */;
			buildPhases = (
				B73D6CC122AACB2C00436844 /* Sources */,
				B73D6CC222AACB2C00436844 /* Frameworks */,
				B73D6CC322AACB2C00436844 /* Resources */,
			);
			buildRules = (
			);
			dependencies = (
			);
			name = SimplePlayer;
			productName = SimplePlayer;
			productReference = B73D6CC522AACB2C00436844 /* SimplePlayer.app */;
			productType = "com.apple.product-type.application";
		};
/* End PBXNativeTarget section */

/* Begin PBXProject section */
		EF4EC20019475C4600C5E85C /* Project object */ = {
			isa = PBXProject;
			attributes = {
				LastSwiftUpdateCheck = 1100;
				LastUpgradeCheck = 1100;
				ORGANIZATIONNAME = darkzero;
				TargetAttributes = {
					B73D6CC422AACB2C00436844 = {
						CreatedOnToolsVersion = 11.0;
						DevelopmentTeam = XA393XM8GG;
						ProvisioningStyle = Automatic;
					};
				};
			};
			buildConfigurationList = EF4EC20319475C4600C5E85C /* Build configuration list for PBXProject "SimplePlayer" */;
			compatibilityVersion = "Xcode 3.2";
			developmentRegion = en;
			hasScannedForEncodings = 0;
			knownRegions = (
				en,
				Base,
			);
			mainGroup = EF4EC1FF19475C4600C5E85C;
			productRefGroup = EF4EC20919475C4600C5E85C /* Products */;
			projectDirPath = "";
			projectRoot = "";
			targets = (
				B73D6CC422AACB2C00436844 /* SimplePlayer */,
			);
		};
/* End PBXProject section */

/* Begin PBXResourcesBuildPhase section */
		B73D6CC322AACB2C00436844 /* Resources */ = {
			isa = PBXResourcesBuildPhase;
			buildActionMask = 2147483647;
			files = (
				B73D6CD422AACB2D00436844 /* LaunchScreen.storyboard in Resources */,
				B73D6CD122AACB2D00436844 /* Assets.xcassets in Resources */,
				B73D6CCF22AACB2C00436844 /* Main.storyboard in Resources */,
			);
			runOnlyForDeploymentPostprocessing = 0;
		};
/* End PBXResourcesBuildPhase section */

/* Begin PBXSourcesBuildPhase section */
		B73D6CC122AACB2C00436844 /* Sources */ = {
			isa = PBXSourcesBuildPhase;
			buildActionMask = 2147483647;
			files = (
				B73D6CCC22AACB2C00436844 /* ViewController.swift in Sources */,
				B73D6CC822AACB2C00436844 /* AppDelegate.swift in Sources */,
				B73D6CCA22AACB2C00436844 /* SceneDelegate.swift in Sources */,
			);
			runOnlyForDeploymentPostprocessing = 0;
		};
/* End PBXSourcesBuildPhase section */

/* Begin PBXVariantGroup section */
		B73D6CCD22AACB2C00436844 /* Main.storyboard */ = {
			isa = PBXVariantGroup;
			children = (
				B73D6CCE22AACB2C00436844 /* Base */,
			);
			name = Main.storyboard;
			sourceTree = "<group>";
		};
		B73D6CD222AACB2D00436844 /* LaunchScreen.storyboard */ = {
			isa = PBXVariantGroup;
			children = (
				B73D6CD322AACB2D00436844 /* Base */,
			);
			name = LaunchScreen.storyboard;
			sourceTree = "<group>";
		};
		EF4EC21119475C4600C5E85C /* Main.storyboard */ = {
			isa = PBXVariantGroup;
			children = (
				EF4EC21219475C4600C5E85C /* Base */,
			);
			name = Main.storyboard;
			sourceTree = "<group>";
		};
/* End PBXVariantGroup section */

/* Begin XCBuildConfiguration section */
		B73D6CD722AACB2D00436844 /* Debug */ = {
			isa = XCBuildConfiguration;
			buildSettings = {
				ASSETCATALOG_COMPILER_APPICON_NAME = AppIcon;
				CLANG_ANALYZER_NONNULL = YES;
				CLANG_ANALYZER_NUMBER_OBJECT_CONVERSION = YES_AGGRESSIVE;
				CLANG_CXX_LANGUAGE_STANDARD = "gnu++14";
				CLANG_ENABLE_OBJC_WEAK = YES;
				CLANG_WARN_DOCUMENTATION_COMMENTS = YES;
				CLANG_WARN_UNGUARDED_AVAILABILITY = YES_AGGRESSIVE;
				CODE_SIGN_STYLE = Automatic;
				DEBUG_INFORMATION_FORMAT = dwarf;
				DEVELOPMENT_TEAM = XA393XM8GG;
				GCC_C_LANGUAGE_STANDARD = gnu11;
				INFOPLIST_FILE = SimplePlayer/Info.plist;
				LD_RUNPATH_SEARCH_PATHS = "$(inherited) @executable_path/Frameworks";
				MTL_ENABLE_DEBUG_INFO = INCLUDE_SOURCE;
				MTL_FAST_MATH = YES;
				PRODUCT_BUNDLE_IDENTIFIER = cn.darkzero.SimplePlayer;
				PRODUCT_NAME = "$(TARGET_NAME)";
				SWIFT_ACTIVE_COMPILATION_CONDITIONS = DEBUG;
				SWIFT_VERSION = 5.0;
				TARGETED_DEVICE_FAMILY = "1,2";
			};
			name = Debug;
		};
		B73D6CD822AACB2D00436844 /* Release */ = {
			isa = XCBuildConfiguration;
			buildSettings = {
				ASSETCATALOG_COMPILER_APPICON_NAME = AppIcon;
				CLANG_ANALYZER_NONNULL = YES;
				CLANG_ANALYZER_NUMBER_OBJECT_CONVERSION = YES_AGGRESSIVE;
				CLANG_CXX_LANGUAGE_STANDARD = "gnu++14";
				CLANG_ENABLE_OBJC_WEAK = YES;
				CLANG_WARN_DOCUMENTATION_COMMENTS = YES;
				CLANG_WARN_UNGUARDED_AVAILABILITY = YES_AGGRESSIVE;
				CODE_SIGN_STYLE = Automatic;
				COPY_PHASE_STRIP = NO;
				DEBUG_INFORMATION_FORMAT = "dwarf-with-dsym";
				DEVELOPMENT_TEAM = XA393XM8GG;
				GCC_C_LANGUAGE_STANDARD = gnu11;
				INFOPLIST_FILE = SimplePlayer/Info.plist;
				LD_RUNPATH_SEARCH_PATHS = "$(inherited) @executable_path/Frameworks";
				MTL_ENABLE_DEBUG_INFO = NO;
				MTL_FAST_MATH = YES;
				PRODUCT_BUNDLE_IDENTIFIER = cn.darkzero.SimplePlayer;
				PRODUCT_NAME = "$(TARGET_NAME)";
				SWIFT_OPTIMIZATION_LEVEL = "-O";
				SWIFT_VERSION = 5.0;
				TARGETED_DEVICE_FAMILY = "1,2";
			};
			name = Release;
		};
		EF4EC22219475C4600C5E85C /* Debug */ = {
			isa = XCBuildConfiguration;
			buildSettings = {
				ALWAYS_SEARCH_USER_PATHS = NO;
				CLANG_ANALYZER_LOCALIZABILITY_NONLOCALIZED = YES;
				CLANG_CXX_LANGUAGE_STANDARD = "gnu++0x";
				CLANG_CXX_LIBRARY = "libc++";
				CLANG_ENABLE_MODULES = YES;
				CLANG_ENABLE_OBJC_ARC = YES;
				CLANG_WARN_BLOCK_CAPTURE_AUTORELEASING = YES;
				CLANG_WARN_BOOL_CONVERSION = YES;
				CLANG_WARN_COMMA = YES;
				CLANG_WARN_CONSTANT_CONVERSION = YES;
				CLANG_WARN_DEPRECATED_OBJC_IMPLEMENTATIONS = YES;
				CLANG_WARN_DIRECT_OBJC_ISA_USAGE = YES_ERROR;
				CLANG_WARN_EMPTY_BODY = YES;
				CLANG_WARN_ENUM_CONVERSION = YES;
				CLANG_WARN_INFINITE_RECURSION = YES;
				CLANG_WARN_INT_CONVERSION = YES;
				CLANG_WARN_NON_LITERAL_NULL_CONVERSION = YES;
				CLANG_WARN_OBJC_IMPLICIT_RETAIN_SELF = YES;
				CLANG_WARN_OBJC_LITERAL_CONVERSION = YES;
				CLANG_WARN_OBJC_ROOT_CLASS = YES_ERROR;
				CLANG_WARN_RANGE_LOOP_ANALYSIS = YES;
				CLANG_WARN_STRICT_PROTOTYPES = YES;
				CLANG_WARN_SUSPICIOUS_MOVE = YES;
				CLANG_WARN_UNREACHABLE_CODE = YES;
				CLANG_WARN__DUPLICATE_METHOD_MATCH = YES;
				CODE_SIGN_IDENTITY = "iPhone Developer";
				"CODE_SIGN_IDENTITY[sdk=iphoneos*]" = "iPhone Developer";
				COPY_PHASE_STRIP = NO;
				ENABLE_STRICT_OBJC_MSGSEND = YES;
				ENABLE_TESTABILITY = YES;
				GCC_C_LANGUAGE_STANDARD = gnu99;
				GCC_DYNAMIC_NO_PIC = NO;
				GCC_NO_COMMON_BLOCKS = YES;
				GCC_OPTIMIZATION_LEVEL = 0;
				GCC_PREPROCESSOR_DEFINITIONS = (
					"DEBUG=1",
					"$(inherited)",
				);
				GCC_SYMBOLS_PRIVATE_EXTERN = NO;
				GCC_WARN_64_TO_32_BIT_CONVERSION = YES;
				GCC_WARN_ABOUT_RETURN_TYPE = YES_ERROR;
				GCC_WARN_UNDECLARED_SELECTOR = YES;
				GCC_WARN_UNINITIALIZED_AUTOS = YES_AGGRESSIVE;
				GCC_WARN_UNUSED_FUNCTION = YES;
				GCC_WARN_UNUSED_VARIABLE = YES;
				IPHONEOS_DEPLOYMENT_TARGET = 13.0;
				METAL_ENABLE_DEBUG_INFO = YES;
				ONLY_ACTIVE_ARCH = YES;
				SDKROOT = iphoneos;
				SWIFT_OPTIMIZATION_LEVEL = "-Onone";
				SWIFT_VERSION = 5.0;
			};
			name = Debug;
		};
		EF4EC22319475C4600C5E85C /* Release */ = {
			isa = XCBuildConfiguration;
			buildSettings = {
				ALWAYS_SEARCH_USER_PATHS = NO;
				CLANG_ANALYZER_LOCALIZABILITY_NONLOCALIZED = YES;
				CLANG_CXX_LANGUAGE_STANDARD = "gnu++0x";
				CLANG_CXX_LIBRARY = "libc++";
				CLANG_ENABLE_MODULES = YES;
				CLANG_ENABLE_OBJC_ARC = YES;
				CLANG_WARN_BLOCK_CAPTURE_AUTORELEASING = YES;
				CLANG_WARN_BOOL_CONVERSION = YES;
				CLANG_WARN_COMMA = YES;
				CLANG_WARN_CONSTANT_CONVERSION = YES;
				CLANG_WARN_DEPRECATED_OBJC_IMPLEMENTATIONS = YES;
				CLANG_WARN_DIRECT_OBJC_ISA_USAGE = YES_ERROR;
				CLANG_WARN_EMPTY_BODY = YES;
				CLANG_WARN_ENUM_CONVERSION = YES;
				CLANG_WARN_INFINITE_RECURSION = YES;
				CLANG_WARN_INT_CONVERSION = YES;
				CLANG_WARN_NON_LITERAL_NULL_CONVERSION = YES;
				CLANG_WARN_OBJC_IMPLICIT_RETAIN_SELF = YES;
				CLANG_WARN_OBJC_LITERAL_CONVERSION = YES;
				CLANG_WARN_OBJC_ROOT_CLASS = YES_ERROR;
				CLANG_WARN_RANGE_LOOP_ANALYSIS = YES;
				CLANG_WARN_STRICT_PROTOTYPES = YES;
				CLANG_WARN_SUSPICIOUS_MOVE = YES;
				CLANG_WARN_UNREACHABLE_CODE = YES;
				CLANG_WARN__DUPLICATE_METHOD_MATCH = YES;
				CODE_SIGN_IDENTITY = "iPhone Developer";
				"CODE_SIGN_IDENTITY[sdk=iphoneos*]" = "iPhone Developer";
				COPY_PHASE_STRIP = YES;
				ENABLE_NS_ASSERTIONS = NO;
				ENABLE_STRICT_OBJC_MSGSEND = YES;
				GCC_C_LANGUAGE_STANDARD = gnu99;
				GCC_NO_COMMON_BLOCKS = YES;
				GCC_WARN_64_TO_32_BIT_CONVERSION = YES;
				GCC_WARN_ABOUT_RETURN_TYPE = YES_ERROR;
				GCC_WARN_UNDECLARED_SELECTOR = YES;
				GCC_WARN_UNINITIALIZED_AUTOS = YES_AGGRESSIVE;
				GCC_WARN_UNUSED_FUNCTION = YES;
				GCC_WARN_UNUSED_VARIABLE = YES;
				IPHONEOS_DEPLOYMENT_TARGET = 13.0;
				METAL_ENABLE_DEBUG_INFO = NO;
				SDKROOT = iphoneos;
				SWIFT_COMPILATION_MODE = wholemodule;
				SWIFT_VERSION = 5.0;
				VALIDATE_PRODUCT = YES;
			};
			name = Release;
		};
/* End XCBuildConfiguration section */

/* Begin XCConfigurationList section */
		B73D6CD622AACB2D00436844 /* Build configuration list for PBXNativeTarget "SimplePlayer" */ = {
			isa = XCConfigurationList;
			buildConfigurations = (
				B73D6CD722AACB2D00436844 /* Debug */,
				B73D6CD822AACB2D00436844 /* Release */,
			);
			defaultConfigurationIsVisible = 0;
			defaultConfigurationName = Release;
		};
		EF4EC20319475C4600C5E85C /* Build configuration list for PBXProject "SimplePlayer" */ = {
			isa = XCConfigurationList;
			buildConfigurations = (
				EF4EC22219475C4600C5E85C /* Debug */,
				EF4EC22319475C4600C5E85C /* Release */,
			);
			defaultConfigurationIsVisible = 0;
			defaultConfigurationName = Release;
		};
/* End XCConfigurationList section */
	};
	rootObject = EF4EC20019475C4600C5E85C /* Project object */;
}
